
Microsoft Visual Studio Solution File, Format Version 12.00
# Visual Studio Version 16
VisualStudioVersion = 16.0.29920.165
MinimumVisualStudioVersion = 10.0.40219.1
Project("{FAE04EC0-301F-11D3-BF4B-00C04F79EFBC}") = "Blaise.Case.Data.Delivery.WindowsService", "Blaise.Case.Data.Delivery.WindowsService\Blaise.Case.Data.Delivery.WindowsService.csproj", "{40E71D3D-BB81-4164-A763-9BB9FB52C745}"
EndProject
Project("{FAE04EC0-301F-11D3-BF4B-00C04F79EFBC}") = "Blaise.Case.Data.Delivery.Tests.Unit", "Blaise.Case.Data.Delivery.Tests.Unit\Blaise.Case.Data.Delivery.Tests.Unit.csproj", "{098BEDC6-16CB-40B0-AF27-CEBBAFA1100C}"
EndProject
Project("{2150E333-8FDC-42A3-9474-1A3956D46DE8}") = "Tests", "Tests", "{C4F3EEE4-5C02-490F-9EE4-28E5A6DBA807}"
EndProject
Project("{FAE04EC0-301F-11D3-BF4B-00C04F79EFBC}") = "Blaise.Case.Data.Delivery.Tests.Behaviour", "Blaise.Case.Data.Delivery.Tests.Behaviour\Blaise.Case.Data.Delivery.Tests.Behaviour.csproj", "{6F482241-4935-4315-9D1D-DDEAE4EF6174}"
EndProject
Project("{FAE04EC0-301F-11D3-BF4B-00C04F79EFBC}") = "Blaise.Case.Data.Delivery.Core", "Blaise.Case.Data.Delivery.Core\Blaise.Case.Data.Delivery.Core.csproj", "{1460E485-D541-4036-8256-5385BF047A41}"
EndProject
Project("{FAE04EC0-301F-11D3-BF4B-00C04F79EFBC}") = "Blaise.Case.Data.Delivery.Data", "Blaise.Case.Data.Delivery.Data\Blaise.Case.Data.Delivery.Data.csproj", "{5C69628C-57E3-4337-9172-5172A0E6AAC5}"
EndProject
Project("{FAE04EC0-301F-11D3-BF4B-00C04F79EFBC}") = "Blaise.Case.Data.Delivery.MessageBroker", "Blaise.Case.Data.Delivery.MessageBroker\Blaise.Case.Data.Delivery.MessageBroker.csproj", "{178D22A2-B541-4DD3-A3AA-E3CAA31E092B}"
EndProject
Project("{FAE04EC0-301F-11D3-BF4B-00C04F79EFBC}") = "Blaise.Case.Data.Delivery.CloudStorage", "Blaise.Case.Data.Delivery.CloudStorage\Blaise.Case.Data.Delivery.CloudStorage.csproj", "{DE46514F-4CD1-46FD-8BE5-34843E0D7EB2}"
EndProject
Global
	GlobalSection(SolutionConfigurationPlatforms) = preSolution
		Debug|Any CPU = Debug|Any CPU
		Release|Any CPU = Release|Any CPU
	EndGlobalSection
	GlobalSection(ProjectConfigurationPlatforms) = postSolution
		{40E71D3D-BB81-4164-A763-9BB9FB52C745}.Debug|Any CPU.ActiveCfg = Debug|Any CPU
		{40E71D3D-BB81-4164-A763-9BB9FB52C745}.Debug|Any CPU.Build.0 = Debug|Any CPU
		{40E71D3D-BB81-4164-A763-9BB9FB52C745}.Release|Any CPU.ActiveCfg = Release|Any CPU
		{40E71D3D-BB81-4164-A763-9BB9FB52C745}.Release|Any CPU.Build.0 = Release|Any CPU
		{098BEDC6-16CB-40B0-AF27-CEBBAFA1100C}.Debug|Any CPU.ActiveCfg = Debug|Any CPU
		{098BEDC6-16CB-40B0-AF27-CEBBAFA1100C}.Debug|Any CPU.Build.0 = Debug|Any CPU
		{098BEDC6-16CB-40B0-AF27-CEBBAFA1100C}.Release|Any CPU.ActiveCfg = Release|Any CPU
		{098BEDC6-16CB-40B0-AF27-CEBBAFA1100C}.Release|Any CPU.Build.0 = Release|Any CPU
		{6F482241-4935-4315-9D1D-DDEAE4EF6174}.Debug|Any CPU.ActiveCfg = Debug|Any CPU
		{6F482241-4935-4315-9D1D-DDEAE4EF6174}.Debug|Any CPU.Build.0 = Debug|Any CPU
		{6F482241-4935-4315-9D1D-DDEAE4EF6174}.Release|Any CPU.ActiveCfg = Release|Any CPU
		{6F482241-4935-4315-9D1D-DDEAE4EF6174}.Release|Any CPU.Build.0 = Release|Any CPU
		{1460E485-D541-4036-8256-5385BF047A41}.Debug|Any CPU.ActiveCfg = Debug|Any CPU
		{1460E485-D541-4036-8256-5385BF047A41}.Debug|Any CPU.Build.0 = Debug|Any CPU
		{1460E485-D541-4036-8256-5385BF047A41}.Release|Any CPU.ActiveCfg = Release|Any CPU
		{1460E485-D541-4036-8256-5385BF047A41}.Release|Any CPU.Build.0 = Release|Any CPU
		{5C69628C-57E3-4337-9172-5172A0E6AAC5}.Debug|Any CPU.ActiveCfg = Debug|Any CPU
		{5C69628C-57E3-4337-9172-5172A0E6AAC5}.Debug|Any CPU.Build.0 = Debug|Any CPU
		{5C69628C-57E3-4337-9172-5172A0E6AAC5}.Release|Any CPU.ActiveCfg = Release|Any CPU
		{5C69628C-57E3-4337-9172-5172A0E6AAC5}.Release|Any CPU.Build.0 = Release|Any CPU
		{178D22A2-B541-4DD3-A3AA-E3CAA31E092B}.Debug|Any CPU.ActiveCfg = Debug|Any CPU
		{178D22A2-B541-4DD3-A3AA-E3CAA31E092B}.Debug|Any CPU.Build.0 = Debug|Any CPU
		{178D22A2-B541-4DD3-A3AA-E3CAA31E092B}.Release|Any CPU.ActiveCfg = Release|Any CPU
		{178D22A2-B541-4DD3-A3AA-E3CAA31E092B}.Release|Any CPU.Build.0 = Release|Any CPU
		{DE46514F-4CD1-46FD-8BE5-34843E0D7EB2}.Debug|Any CPU.ActiveCfg = Debug|Any CPU
		{DE46514F-4CD1-46FD-8BE5-34843E0D7EB2}.Debug|Any CPU.Build.0 = Debug|Any CPU
		{DE46514F-4CD1-46FD-8BE5-34843E0D7EB2}.Release|Any CPU.ActiveCfg = Release|Any CPU
		{DE46514F-4CD1-46FD-8BE5-34843E0D7EB2}.Release|Any CPU.Build.0 = Release|Any CPU
	EndGlobalSection
	GlobalSection(SolutionProperties) = preSolution
		HideSolutionNode = FALSE
	EndGlobalSection
	GlobalSection(NestedProjects) = preSolution
		{098BEDC6-16CB-40B0-AF27-CEBBAFA1100C} = {C4F3EEE4-5C02-490F-9EE4-28E5A6DBA807}
		{6F482241-4935-4315-9D1D-DDEAE4EF6174} = {C4F3EEE4-5C02-490F-9EE4-28E5A6DBA807}
	EndGlobalSection
	GlobalSection(ExtensibilityGlobals) = postSolution
		SolutionGuid = {74F42451-44AA-40AB-8FCA-7E14D4248FED}
	EndGlobalSection
EndGlobal
